// !$*UTF8*$!
{
	archiveVersion = 1;
	classes = {
	};
	objectVersion = 46;
	objects = {

/* Begin PBXBuildFile section */
		BD0F25E41C9A7183003357F9 /* PeripheralController.swift in Sources */ = {isa = PBXBuildFile; fileRef = BD0F25E31C9A7183003357F9 /* PeripheralController.swift */; };
		BD7D810C1C95234500824724 /* AppDelegate.swift in Sources */ = {isa = PBXBuildFile; fileRef = BD7D810B1C95234500824724 /* AppDelegate.swift */; };
		BD7D810E1C95234500824724 /* ViewController.swift in Sources */ = {isa = PBXBuildFile; fileRef = BD7D810D1C95234500824724 /* ViewController.swift */; };
		BD7D81111C95234500824724 /* Main.storyboard in Resources */ = {isa = PBXBuildFile; fileRef = BD7D810F1C95234500824724 /* Main.storyboard */; };
		BD7D81131C95234500824724 /* Assets.xcassets in Resources */ = {isa = PBXBuildFile; fileRef = BD7D81121C95234500824724 /* Assets.xcassets */; };
		BD7D81161C95234500824724 /* LaunchScreen.storyboard in Resources */ = {isa = PBXBuildFile; fileRef = BD7D81141C95234500824724 /* LaunchScreen.storyboard */; };
		BD7D81601C9532E000824724 /* OneTimePassword.framework in Frameworks */ = {isa = PBXBuildFile; fileRef = BD7D815F1C9532E000824724 /* OneTimePassword.framework */; };
		BD7D81741C9539F300824724 /* Constants.m in Sources */ = {isa = PBXBuildFile; fileRef = BD7D81731C9539F300824724 /* Constants.m */; };
/* End PBXBuildFile section */

/* Begin PBXFileReference section */
		BD0F25E31C9A7183003357F9 /* PeripheralController.swift */ = {isa = PBXFileReference; fileEncoding = 4; lastKnownFileType = sourcecode.swift; path = PeripheralController.swift; sourceTree = "<group>"; };
		BD7D81081C95234500824724 /* NearBT.app */ = {isa = PBXFileReference; explicitFileType = wrapper.application; includeInIndex = 0; path = NearBT.app; sourceTree = BUILT_PRODUCTS_DIR; };
		BD7D810B1C95234500824724 /* AppDelegate.swift */ = {isa = PBXFileReference; lastKnownFileType = sourcecode.swift; path = AppDelegate.swift; sourceTree = "<group>"; };
		BD7D810D1C95234500824724 /* ViewController.swift */ = {isa = PBXFileReference; lastKnownFileType = sourcecode.swift; path = ViewController.swift; sourceTree = "<group>"; };
		BD7D81101C95234500824724 /* Base */ = {isa = PBXFileReference; lastKnownFileType = file.storyboard; name = Base; path = Base.lproj/Main.storyboard; sourceTree = "<group>"; };
		BD7D81121C95234500824724 /* Assets.xcassets */ = {isa = PBXFileReference; lastKnownFileType = folder.assetcatalog; path = Assets.xcassets; sourceTree = "<group>"; };
		BD7D81151C95234500824724 /* Base */ = {isa = PBXFileReference; lastKnownFileType = file.storyboard; name = Base; path = Base.lproj/LaunchScreen.storyboard; sourceTree = "<group>"; };
		BD7D81171C95234500824724 /* Info.plist */ = {isa = PBXFileReference; lastKnownFileType = text.plist.xml; path = Info.plist; sourceTree = "<group>"; };
		BD7D815F1C9532E000824724 /* OneTimePassword.framework */ = {isa = PBXFileReference; lastKnownFileType = wrapper.framework; name = OneTimePassword.framework; path = Carthage/Build/iOS/OneTimePassword.framework; sourceTree = "<group>"; };
		BD7D81711C9539D800824724 /* Constants.h */ = {isa = PBXFileReference; fileEncoding = 4; lastKnownFileType = sourcecode.c.h; path = Constants.h; sourceTree = "<group>"; };
		BD7D81721C9539F200824724 /* NearBT-Bridging-Header.h */ = {isa = PBXFileReference; lastKnownFileType = sourcecode.c.h; path = "NearBT-Bridging-Header.h"; sourceTree = SOURCE_ROOT; };
		BD7D81731C9539F300824724 /* Constants.m */ = {isa = PBXFileReference; fileEncoding = 4; lastKnownFileType = sourcecode.c.objc; path = Constants.m; sourceTree = "<group>"; };
/* End PBXFileReference section */

/* Begin PBXFrameworksBuildPhase section */
		BD7D81051C95234500824724 /* Frameworks */ = {
			isa = PBXFrameworksBuildPhase;
			buildActionMask = 2147483647;
			files = (
				BD7D81601C9532E000824724 /* OneTimePassword.framework in Frameworks */,
			);
			runOnlyForDeploymentPostprocessing = 0;
		};
/* End PBXFrameworksBuildPhase section */

/* Begin PBXGroup section */
		BD7D80FF1C95234500824724 = {
			isa = PBXGroup;
			children = (
				BD7D81711C9539D800824724 /* Constants.h */,
				BD7D81731C9539F300824724 /* Constants.m */,
				BD7D815F1C9532E000824724 /* OneTimePassword.framework */,
				BD7D81721C9539F200824724 /* NearBT-Bridging-Header.h */,
				BD7D810A1C95234500824724 /* NearBT */,
				BD7D81091C95234500824724 /* Products */,
			);
			sourceTree = "<group>";
		};
		BD7D81091C95234500824724 /* Products */ = {
			isa = PBXGroup;
			children = (
				BD7D81081C95234500824724 /* NearBT.app */,
			);
			name = Products;
			sourceTree = "<group>";
		};
		BD7D810A1C95234500824724 /* NearBT */ = {
			isa = PBXGroup;
			children = (
				BD7D810B1C95234500824724 /* AppDelegate.swift */,
				BD0F25E31C9A7183003357F9 /* PeripheralController.swift */,
				BD7D810D1C95234500824724 /* ViewController.swift */,
				BD7D810F1C95234500824724 /* Main.storyboard */,
				BD7D81121C95234500824724 /* Assets.xcassets */,
				BD7D81141C95234500824724 /* LaunchScreen.storyboard */,
				BD7D81171C95234500824724 /* Info.plist */,
			);
			path = NearBT;
			sourceTree = "<group>";
		};
/* End PBXGroup section */

/* Begin PBXNativeTarget section */
		BD7D81071C95234500824724 /* NearBT */ = {
			isa = PBXNativeTarget;
			buildConfigurationList = BD7D811A1C95234500824724 /* Build configuration list for PBXNativeTarget "NearBT" */;
			buildPhases = (
				BD7D81041C95234500824724 /* Sources */,
				BD7D81051C95234500824724 /* Frameworks */,
				BD7D81061C95234500824724 /* Resources */,
				BD7D81611C9533AC00824724 /* ShellScript */,
			);
			buildRules = (
			);
			dependencies = (
			);
			name = NearBT;
			productName = NearBT;
			productReference = BD7D81081C95234500824724 /* NearBT.app */;
			productType = "com.apple.product-type.application";
		};
/* End PBXNativeTarget section */

/* Begin PBXProject section */
		BD7D81001C95234500824724 /* Project object */ = {
			isa = PBXProject;
			attributes = {
				LastSwiftUpdateCheck = 0720;
				LastUpgradeCheck = 0720;
				ORGANIZATIONNAME = guoc;
				TargetAttributes = {
					BD7D81071C95234500824724 = {
						CreatedOnToolsVersion = 7.2.1;
					};
				};
			};
			buildConfigurationList = BD7D81031C95234500824724 /* Build configuration list for PBXProject "NearBT" */;
			compatibilityVersion = "Xcode 3.2";
			developmentRegion = English;
			hasScannedForEncodings = 0;
			knownRegions = (
				en,
				Base,
			);
			mainGroup = BD7D80FF1C95234500824724;
			productRefGroup = BD7D81091C95234500824724 /* Products */;
			projectDirPath = "";
			projectRoot = "";
			targets = (
				BD7D81071C95234500824724 /* NearBT */,
			);
		};
/* End PBXProject section */

/* Begin PBXResourcesBuildPhase section */
		BD7D81061C95234500824724 /* Resources */ = {
			isa = PBXResourcesBuildPhase;
			buildActionMask = 2147483647;
			files = (
				BD7D81161C95234500824724 /* LaunchScreen.storyboard in Resources */,
				BD7D81131C95234500824724 /* Assets.xcassets in Resources */,
				BD7D81111C95234500824724 /* Main.storyboard in Resources */,
			);
			runOnlyForDeploymentPostprocessing = 0;
		};
/* End PBXResourcesBuildPhase section */

/* Begin PBXShellScriptBuildPhase section */
		BD7D81611C9533AC00824724 /* ShellScript */ = {
			isa = PBXShellScriptBuildPhase;
			buildActionMask = 2147483647;
			files = (
			);
			inputPaths = (
				"$(SRCROOT)/Carthage/Build/iOS/OneTimePassword.framework",
			);
			outputPaths = (
			);
			runOnlyForDeploymentPostprocessing = 0;
			shellPath = /bin/sh;
			shellScript = "/usr/local/bin/carthage copy-frameworks";
		};
/* End PBXShellScriptBuildPhase section */

/* Begin PBXSourcesBuildPhase section */
		BD7D81041C95234500824724 /* Sources */ = {
			isa = PBXSourcesBuildPhase;
			buildActionMask = 2147483647;
			files = (
				BD0F25E41C9A7183003357F9 /* PeripheralController.swift in Sources */,
				BD7D810E1C95234500824724 /* ViewController.swift in Sources */,
				BD7D810C1C95234500824724 /* AppDelegate.swift in Sources */,
				BD7D81741C9539F300824724 /* Constants.m in Sources */,
			);
			runOnlyForDeploymentPostprocessing = 0;
		};
/* End PBXSourcesBuildPhase section */

/* Begin PBXVariantGroup section */
		BD7D810F1C95234500824724 /* Main.storyboard */ = {
			isa = PBXVariantGroup;
			children = (
				BD7D81101C95234500824724 /* Base */,
			);
			name = Main.storyboard;
			sourceTree = "<group>";
		};
		BD7D81141C95234500824724 /* LaunchScreen.storyboard */ = {
			isa = PBXVariantGroup;
			children = (
				BD7D81151C95234500824724 /* Base */,
			);
			name = LaunchScreen.storyboard;
			sourceTree = "<group>";
		};
/* End PBXVariantGroup section */

/* Begin XCBuildConfiguration section */
		BD7D81181C95234500824724 /* Debug */ = {
			isa = XCBuildConfiguration;
			buildSettings = {
				ALWAYS_SEARCH_USER_PATHS = NO;
				CLANG_CXX_LANGUAGE_STANDARD = "gnu++0x";
				CLANG_CXX_LIBRARY = "libc++";
				CLANG_ENABLE_MODULES = YES;
				CLANG_ENABLE_OBJC_ARC = YES;
				CLANG_WARN_BOOL_CONVERSION = YES;
				CLANG_WARN_CONSTANT_CONVERSION = YES;
				CLANG_WARN_DIRECT_OBJC_ISA_USAGE = YES_ERROR;
				CLANG_WARN_EMPTY_BODY = YES;
				CLANG_WARN_ENUM_CONVERSION = YES;
				CLANG_WARN_INT_CONVERSION = YES;
				CLANG_WARN_OBJC_ROOT_CLASS = YES_ERROR;
				CLANG_WARN_UNREACHABLE_CODE = YES;
				CLANG_WARN__DUPLICATE_METHOD_MATCH = YES;
				"CODE_SIGN_IDENTITY[sdk=iphoneos*]" = "iPhone Developer";
				COPY_PHASE_STRIP = NO;
				DEBUG_INFORMATION_FORMAT = dwarf;
				ENABLE_STRICT_OBJC_MSGSEND = YES;
				ENABLE_TESTABILITY = YES;
				GCC_C_LANGUAGE_STANDARD = gnu99;
				GCC_DYNAMIC_NO_PIC = NO;
				GCC_NO_COMMON_BLOCKS = YES;
				GCC_OPTIMIZATION_LEVEL = 0;
				GCC_PREPROCESSOR_DEFINITIONS = (
					"DEBUG=1",
					"$(inherited)",
				);
				GCC_WARN_64_TO_32_BIT_CONVERSION = YES;
				GCC_WARN_ABOUT_RETURN_TYPE = YES_ERROR;
				GCC_WARN_UNDECLARED_SELECTOR = YES;
				GCC_WARN_UNINITIALIZED_AUTOS = YES_AGGRESSIVE;
				GCC_WARN_UNUSED_FUNCTION = YES;
				GCC_WARN_UNUSED_VARIABLE = YES;
				IPHONEOS_DEPLOYMENT_TARGET = 9.0;
				MTL_ENABLE_DEBUG_INFO = YES;
				ONLY_ACTIVE_ARCH = YES;
				SDKROOT = iphoneos;
				SWIFT_OBJC_BRIDGING_HEADER = "";
				SWIFT_OPTIMIZATION_LEVEL = "-Onone";
				TARGETED_DEVICE_FAMILY = "1,2";
			};
			name = Debug;
		};
		BD7D81191C95234500824724 /* Release */ = {
			isa = XCBuildConfiguration;
			buildSettings = {
				ALWAYS_SEARCH_USER_PATHS = NO;
				CLANG_CXX_LANGUAGE_STANDARD = "gnu++0x";
				CLANG_CXX_LIBRARY = "libc++";
				CLANG_ENABLE_MODULES = YES;
				CLANG_ENABLE_OBJC_ARC = YES;
				CLANG_WARN_BOOL_CONVERSION = YES;
				CLANG_WARN_CONSTANT_CONVERSION = YES;
				CLANG_WARN_DIRECT_OBJC_ISA_USAGE = YES_ERROR;
				CLANG_WARN_EMPTY_BODY = YES;
				CLANG_WARN_ENUM_CONVERSION = YES;
				CLANG_WARN_INT_CONVERSION = YES;
				CLANG_WARN_OBJC_ROOT_CLASS = YES_ERROR;
				CLANG_WARN_UNREACHABLE_CODE = YES;
				CLANG_WARN__DUPLICATE_METHOD_MATCH = YES;
				"CODE_SIGN_IDENTITY[sdk=iphoneos*]" = "iPhone Developer";
				COPY_PHASE_STRIP = NO;
				DEBUG_INFORMATION_FORMAT = "dwarf-with-dsym";
				ENABLE_NS_ASSERTIONS = NO;
				ENABLE_STRICT_OBJC_MSGSEND = YES;
				GCC_C_LANGUAGE_STANDARD = gnu99;
				GCC_NO_COMMON_BLOCKS = YES;
				GCC_WARN_64_TO_32_BIT_CONVERSION = YES;
				GCC_WARN_ABOUT_RETURN_TYPE = YES_ERROR;
				GCC_WARN_UNDECLARED_SELECTOR = YES;
				GCC_WARN_UNINITIALIZED_AUTOS = YES_AGGRESSIVE;
				GCC_WARN_UNUSED_FUNCTION = YES;
				GCC_WARN_UNUSED_VARIABLE = YES;
				IPHONEOS_DEPLOYMENT_TARGET = 9.0;
				MTL_ENABLE_DEBUG_INFO = NO;
				SDKROOT = iphoneos;
				SWIFT_OBJC_BRIDGING_HEADER = "";
				TARGETED_DEVICE_FAMILY = "1,2";
				VALIDATE_PRODUCT = YES;
			};
			name = Release;
		};
		BD7D811B1C95234500824724 /* Debug */ = {
			isa = XCBuildConfiguration;
			buildSettings = {
				ASSETCATALOG_COMPILER_APPICON_NAME = AppIcon;
				CLANG_ENABLE_MODULES = YES;
				FRAMEWORK_SEARCH_PATHS = (
					"$(inherited)",
					"$(PROJECT_DIR)/Carthage/Build/iOS",
				);
				INFOPLIST_FILE = NearBT/Info.plist;
				LD_RUNPATH_SEARCH_PATHS = "$(inherited) @executable_path/Frameworks";
				LIBRARY_SEARCH_PATHS = (
					"$(inherited)",
					"/usr/local/Cellar/oath-toolkit/2.6.1/lib",
				);
				OTHER_LDFLAGS = "";
				PRODUCT_BUNDLE_IDENTIFIER = name.guoc.NearBT;
				PRODUCT_NAME = "$(TARGET_NAME)";
				SWIFT_OBJC_BRIDGING_HEADER = "NearBT-Bridging-Header.h";
				SWIFT_OPTIMIZATION_LEVEL = "-Onone";
			};
			name = Debug;
		};
		BD7D811C1C95234500824724 /* Release */ = {
			isa = XCBuildConfiguration;
			buildSettings = {
				ASSETCATALOG_COMPILER_APPICON_NAME = AppIcon;
				CLANG_ENABLE_MODULES = YES;
				FRAMEWORK_SEARCH_PATHS = (
					"$(inherited)",
					"$(PROJECT_DIR)/Carthage/Build/iOS",
				);
				INFOPLIST_FILE = NearBT/Info.plist;
				LD_RUNPATH_SEARCH_PATHS = "$(inherited) @executable_path/Frameworks";
				LIBRARY_SEARCH_PATHS = (
					"$(inherited)",
					"/usr/local/Cellar/oath-toolkit/2.6.1/lib",
				);
				OTHER_LDFLAGS = "";
				PRODUCT_BUNDLE_IDENTIFIER = name.guoc.NearBT;
				PRODUCT_NAME = "$(TARGET_NAME)";
				SWIFT_OBJC_BRIDGING_HEADER = "NearBT-Bridging-Header.h";
			};
			name = Release;
		};
/* End XCBuildConfiguration section */

/* Begin XCConfigurationList section */
		BD7D81031C95234500824724 /* Build configuration list for PBXProject "NearBT" */ = {
			isa = XCConfigurationList;
			buildConfigurations = (
				BD7D81181C95234500824724 /* Debug */,
				BD7D81191C95234500824724 /* Release */,
			);
			defaultConfigurationIsVisible = 0;
			defaultConfigurationName = Release;
		};
		BD7D811A1C95234500824724 /* Build configuration list for PBXNativeTarget "NearBT" */ = {
			isa = XCConfigurationList;
			buildConfigurations = (
				BD7D811B1C95234500824724 /* Debug */,
				BD7D811C1C95234500824724 /* Release */,
			);
			defaultConfigurationIsVisible = 0;
			defaultConfigurationName = Release;
		};
/* End XCConfigurationList section */
	};
	rootObject = BD7D81001C95234500824724 /* Project object */;
}
